
Microsoft Visual Studio Solution File, Format Version 12.00
# Visual Studio Version 17
VisualStudioVersion = 17.7.34031.279
MinimumVisualStudioVersion = 10.0.40219.1
Project("{9A19103F-16F7-4668-BE54-9A1E7A4F7556}") = "IdleOfTheAgesLib", "IdleOfTheAgesLib\IdleOfTheAgesLib.csproj", "{92751B8E-A2E8-4F60-A94A-3410B76BCCDC}"
EndProject
Project("{9A19103F-16F7-4668-BE54-9A1E7A4F7556}") = "IdleOfTheAgesGame", "IdleOfTheAgesGame\IdleOfTheAgesGame.csproj", "{42B4F9B3-6818-41B8-926D-538E72A4F05F}"
EndProject
Project("{9A19103F-16F7-4668-BE54-9A1E7A4F7556}") = "IdleOfTheAgesRuntime", "IdleOfTheAgesRuntime\IdleOfTheAgesRuntime.csproj", "{EDA9947F-F9A2-4451-967C-33D9AAC2354D}"
EndProject
Project("{9A19103F-16F7-4668-BE54-9A1E7A4F7556}") = "IdleOfTheAgesTests", "IdleOfTheAgesTests\IdleOfTheAgesTests.csproj", "{20B30F1F-C492-4927-9DD3-8397F98812AD}"
EndProject
Global
	GlobalSection(SolutionConfigurationPlatforms) = preSolution
		Debug|Any CPU = Debug|Any CPU
		Debug|x64 = Debug|x64
		Release|Any CPU = Release|Any CPU
		Release|x64 = Release|x64
	EndGlobalSection
	GlobalSection(ProjectConfigurationPlatforms) = postSolution
		{92751B8E-A2E8-4F60-A94A-3410B76BCCDC}.Debug|Any CPU.ActiveCfg = Debug|Any CPU
		{92751B8E-A2E8-4F60-A94A-3410B76BCCDC}.Debug|Any CPU.Build.0 = Debug|Any CPU
		{92751B8E-A2E8-4F60-A94A-3410B76BCCDC}.Debug|x64.ActiveCfg = Debug|Any CPU
		{92751B8E-A2E8-4F60-A94A-3410B76BCCDC}.Debug|x64.Build.0 = Debug|Any CPU
		{92751B8E-A2E8-4F60-A94A-3410B76BCCDC}.Release|Any CPU.ActiveCfg = Release|Any CPU
		{92751B8E-A2E8-4F60-A94A-3410B76BCCDC}.Release|Any CPU.Build.0 = Release|Any CPU
		{92751B8E-A2E8-4F60-A94A-3410B76BCCDC}.Release|x64.ActiveCfg = Release|Any CPU
		{92751B8E-A2E8-4F60-A94A-3410B76BCCDC}.Release|x64.Build.0 = Release|Any CPU
		{42B4F9B3-6818-41B8-926D-538E72A4F05F}.Debug|Any CPU.ActiveCfg = Debug|Any CPU
		{42B4F9B3-6818-41B8-926D-538E72A4F05F}.Debug|Any CPU.Build.0 = Debug|Any CPU
		{42B4F9B3-6818-41B8-926D-538E72A4F05F}.Debug|x64.ActiveCfg = Debug|Any CPU
		{42B4F9B3-6818-41B8-926D-538E72A4F05F}.Debug|x64.Build.0 = Debug|Any CPU
		{42B4F9B3-6818-41B8-926D-538E72A4F05F}.Release|Any CPU.ActiveCfg = Release|Any CPU
		{42B4F9B3-6818-41B8-926D-538E72A4F05F}.Release|Any CPU.Build.0 = Release|Any CPU
		{42B4F9B3-6818-41B8-926D-538E72A4F05F}.Release|x64.ActiveCfg = Release|Any CPU
		{42B4F9B3-6818-41B8-926D-538E72A4F05F}.Release|x64.Build.0 = Release|Any CPU
		{EDA9947F-F9A2-4451-967C-33D9AAC2354D}.Debug|Any CPU.ActiveCfg = Debug|Any CPU
		{EDA9947F-F9A2-4451-967C-33D9AAC2354D}.Debug|Any CPU.Build.0 = Debug|Any CPU
		{EDA9947F-F9A2-4451-967C-33D9AAC2354D}.Debug|x64.ActiveCfg = Debug|Any CPU
		{EDA9947F-F9A2-4451-967C-33D9AAC2354D}.Debug|x64.Build.0 = Debug|Any CPU
		{EDA9947F-F9A2-4451-967C-33D9AAC2354D}.Release|Any CPU.ActiveCfg = Release|Any CPU
		{EDA9947F-F9A2-4451-967C-33D9AAC2354D}.Release|Any CPU.Build.0 = Release|Any CPU
		{EDA9947F-F9A2-4451-967C-33D9AAC2354D}.Release|x64.ActiveCfg = Release|Any CPU
		{EDA9947F-F9A2-4451-967C-33D9AAC2354D}.Release|x64.Build.0 = Release|Any CPU
		{20B30F1F-C492-4927-9DD3-8397F98812AD}.Debug|Any CPU.ActiveCfg = Debug|Any CPU
		{20B30F1F-C492-4927-9DD3-8397F98812AD}.Debug|Any CPU.Build.0 = Debug|Any CPU
		{20B30F1F-C492-4927-9DD3-8397F98812AD}.Debug|x64.ActiveCfg = Debug|Any CPU
		{20B30F1F-C492-4927-9DD3-8397F98812AD}.Debug|x64.Build.0 = Debug|Any CPU
		{20B30F1F-C492-4927-9DD3-8397F98812AD}.Release|Any CPU.ActiveCfg = Release|Any CPU
		{20B30F1F-C492-4927-9DD3-8397F98812AD}.Release|Any CPU.Build.0 = Release|Any CPU
		{20B30F1F-C492-4927-9DD3-8397F98812AD}.Release|x64.ActiveCfg = Release|Any CPU
		{20B30F1F-C492-4927-9DD3-8397F98812AD}.Release|x64.Build.0 = Release|Any CPU
	EndGlobalSection
	GlobalSection(SolutionProperties) = preSolution
		HideSolutionNode = FALSE
	EndGlobalSection
	GlobalSection(ExtensibilityGlobals) = postSolution
		SolutionGuid = {CDC61477-4760-4D2B-A3EF-0F4F56CCCD99}
	EndGlobalSection
EndGlobal
